{
  "name": "omnistack-wizards",
  "version": "1.0.0",
  "lockfileVersion": 3,
  "requires": true,
  "packages": {
    "": {
      "name": "omnistack-wizards",
      "version": "1.0.0",
      "license": "ISC",
      "dependencies": {
        "@metamask/onboarding": "^1.0.1"
      }
    },
    "node_modules/@metamask/onboarding": {
      "version": "1.0.1",
      "resolved": "https://registry.npmjs.org/@metamask/onboarding/-/onboarding-1.0.1.tgz",
      "integrity": "sha512-FqHhAsCI+Vacx2qa5mAFcWNSrTcVGMNjzxVgaX8ECSny/BJ9/vgXP9V7WF/8vb9DltPeQkxr+Fnfmm6GHfmdTQ==",
      "license": "MIT",
      "dependencies": {
        "bowser": "^2.9.0"
      }
    },
    "node_modules/bowser": {
      "version": "2.12.1",
      "resolved": "https://registry.npmjs.org/bowser/-/bowser-2.12.1.tgz",
      "integrity": "sha512-z4rE2Gxh7tvshQ4hluIT7XcFrgLIQaw9X3A+kTTRdovCz5PMukm/0QC/BKSYPj3omF5Qfypn9O/c5kgpmvYUCw==",
      "license": "MIT"
    }
  }
}
